
Microsoft Visual Studio Solution File, Format Version 12.00
# Visual Studio 14
VisualStudioVersion = 14.0.23107.0
MinimumVisualStudioVersion = 10.0.40219.1
Project("{FAE04EC0-301F-11D3-BF4B-00C04F79EFBC}") = "DiningPhilosohpers", "DiningPhilosohpers\DiningPhilosohpers.csproj", "{A1645F43-295C-4AED-B120-28300565D93A}"
EndProject
Project("{FAE04EC0-301F-11D3-BF4B-00C04F79EFBC}") = "PhilosophersFrm", "PhilosophersFrm\PhilosophersFrm.csproj", "{D71AEE79-B811-4600-A24A-1FE50EF0F766}"
EndProject
Global
	GlobalSection(SolutionConfigurationPlatforms) = preSolution
		Debug|Any CPU = Debug|Any CPU
		Release|Any CPU = Release|Any CPU
	EndGlobalSection
	GlobalSection(ProjectConfigurationPlatforms) = postSolution
		{A1645F43-295C-4AED-B120-28300565D93A}.Debug|Any CPU.ActiveCfg = Debug|Any CPU
		{A1645F43-295C-4AED-B120-28300565D93A}.Debug|Any CPU.Build.0 = Debug|Any CPU
		{A1645F43-295C-4AED-B120-28300565D93A}.Release|Any CPU.ActiveCfg = Release|Any CPU
		{A1645F43-295C-4AED-B120-28300565D93A}.Release|Any CPU.Build.0 = Release|Any CPU
		{D71AEE79-B811-4600-A24A-1FE50EF0F766}.Debug|Any CPU.ActiveCfg = Debug|Any CPU
		{D71AEE79-B811-4600-A24A-1FE50EF0F766}.Debug|Any CPU.Build.0 = Debug|Any CPU
		{D71AEE79-B811-4600-A24A-1FE50EF0F766}.Release|Any CPU.ActiveCfg = Release|Any CPU
		{D71AEE79-B811-4600-A24A-1FE50EF0F766}.Release|Any CPU.Build.0 = Release|Any CPU
	EndGlobalSection
	GlobalSection(SolutionProperties) = preSolution
		HideSolutionNode = FALSE
	EndGlobalSection
EndGlobal
